github.com/BurntSushi/toml v0.3.1 h1:WXkYYl6Yr3qBf1K79EBnL4mak0OimBfB0XUf9Vl28OQ=
github.com/BurntSushi/toml v0.3.1/go.mod h1:xHWCNGjB5oqiDr8zfno3MHue2Ht5sIBksp03qcyfWMU=
github.com/whilp/git-urls v0.0.0-20160530060445-31bac0d230fa h1:rW+Lu6281ed/4XGuVIa4/YebTRNvoUJlfJ44ktEVwZk=
github.com/whilp/git-urls v0.0.0-20160530060445-31bac0d230fa/go.mod h1:2rx5KE5FLD0HRfkkpyn8JwbVLBdhgeiOb2D2D9LLKM4=
